
Microsoft Visual Studio Solution File, Format Version 12.00
# Visual Studio 2012
Project("{FAE04EC0-301F-11D3-BF4B-00C04F79EFBC}") = "apiDashboard", "apiDashboard\apiDashboard.csproj", "{A7AC5737-9A7B-43A5-9075-D7D2C3E10D5A}"
EndProject
Project("{FAE04EC0-301F-11D3-BF4B-00C04F79EFBC}") = "dataTestgenerator", "dataTestgenerator\dataTestgenerator.csproj", "{9187FC2A-F726-4998-87BF-6A939377438A}"
EndProject
Global
	GlobalSection(SolutionConfigurationPlatforms) = preSolution
		Debug|Any CPU = Debug|Any CPU
		Release|Any CPU = Release|Any CPU
	EndGlobalSection
	GlobalSection(ProjectConfigurationPlatforms) = postSolution
		{A7AC5737-9A7B-43A5-9075-D7D2C3E10D5A}.Debug|Any CPU.ActiveCfg = Debug|Any CPU
		{A7AC5737-9A7B-43A5-9075-D7D2C3E10D5A}.Debug|Any CPU.Build.0 = Debug|Any CPU
		{A7AC5737-9A7B-43A5-9075-D7D2C3E10D5A}.Release|Any CPU.ActiveCfg = Release|Any CPU
		{A7AC5737-9A7B-43A5-9075-D7D2C3E10D5A}.Release|Any CPU.Build.0 = Release|Any CPU
		{9187FC2A-F726-4998-87BF-6A939377438A}.Debug|Any CPU.ActiveCfg = Debug|Any CPU
		{9187FC2A-F726-4998-87BF-6A939377438A}.Debug|Any CPU.Build.0 = Debug|Any CPU
		{9187FC2A-F726-4998-87BF-6A939377438A}.Release|Any CPU.ActiveCfg = Release|Any CPU
		{9187FC2A-F726-4998-87BF-6A939377438A}.Release|Any CPU.Build.0 = Release|Any CPU
	EndGlobalSection
	GlobalSection(SolutionProperties) = preSolution
		HideSolutionNode = FALSE
	EndGlobalSection
EndGlobal
